
Microsoft Visual Studio Solution File, Format Version 11.00
# Visual Basic Express 2010
Project("{F184B08F-C81C-45F6-A57F-5ABD9991F28F}") = "InterfaceModeOp2", "InterfaceModeOp2\InterfaceModeOp2.vbproj", "{3A175870-12EF-422E-B320-580F8D9200A4}"
EndProject
Global
	GlobalSection(SolutionConfigurationPlatforms) = preSolution
		Debug|x86 = Debug|x86
		Release|x86 = Release|x86
	EndGlobalSection
	GlobalSection(ProjectConfigurationPlatforms) = postSolution
		{3A175870-12EF-422E-B320-580F8D9200A4}.Debug|x86.ActiveCfg = Debug|x86
		{3A175870-12EF-422E-B320-580F8D9200A4}.Debug|x86.Build.0 = Debug|x86
		{3A175870-12EF-422E-B320-580F8D9200A4}.Release|x86.ActiveCfg = Release|x86
		{3A175870-12EF-422E-B320-580F8D9200A4}.Release|x86.Build.0 = Release|x86
	EndGlobalSection
	GlobalSection(SolutionProperties) = preSolution
		HideSolutionNode = FALSE
	EndGlobalSection
EndGlobal
